{
  "version": 4,
  "terraform_version": "1.10.5",
  "serial": 76,
  "lineage": "80b090c5-94da-7eb9-8ae0-ff996d60d0ef",
  "outputs": {},
  "resources": [
    {
      "mode": "data",
      "type": "google_project",
      "name": "projects",
      "provider": "provider[\"registry.terraform.io/hashicorp/google\"]",
      "instances": [
        {
          "index_key": "prod",
          "schema_version": 0,
          "attributes": {
            "auto_create_network": null,
            "billing_account": "01AA22-79FEED-8B51BA",
            "deletion_policy": "PREVENT",
            "effective_labels": {},
            "folder_id": "953632453417",
            "id": "projects/wagner-web-vertex-ai",
            "labels": {},
            "name": "Wagner - Web - Vertex AI",
            "number": "481387336762",
            "org_id": "",
            "project_id": "wagner-web-vertex-ai",
            "tags": null,
            "terraform_labels": {}
          },
          "sensitive_attributes": []
        },
        {
          "index_key": "staging",
          "schema_version": 0,
          "attributes": {
            "auto_create_network": null,
            "billing_account": "014841-942138-CDB164",
            "deletion_policy": "PREVENT",
            "effective_labels": {},
            "folder_id": "953632453417",
            "id": "projects/wagnerwebstage",
            "labels": {},
            "name": "WagnerWebStage",
            "number": "221493293323",
            "org_id": "",
            "project_id": "wagnerwebstage",
            "tags": null,
            "terraform_labels": {}
          },
          "sensitive_attributes": []
        }
      ]
    },
    {
      "mode": "managed",
      "type": "google_artifact_registry_repository",
      "name": "my-repo",
      "provider": "provider[\"registry.terraform.io/hashicorp/google\"]",
      "instances": [
        {
          "schema_version": 0,
          "attributes": {
            "cleanup_policies": [],
            "cleanup_policy_dry_run": false,
            "create_time": "2025-02-03T15:57:05.233518Z",
            "description": "Repo for Generative AI applications",
            "docker_config": [],
            "effective_labels": {
              "goog-terraform-provisioned": "true"
            },
            "format": "DOCKER",
            "id": "projects/wagnerwebpipeline/locations/us-central1/repositories/genai-containers",
            "kms_key_name": "",
            "labels": null,
            "location": "us-central1",
            "maven_config": [],
            "mode": "STANDARD_REPOSITORY",
            "name": "genai-containers",
            "project": "wagnerwebpipeline",
            "remote_repository_config": [],
            "repository_id": "genai-containers",
            "terraform_labels": {
              "goog-terraform-provisioned": "true"
            },
            "timeouts": null,
            "update_time": "2025-02-03T15:57:05.233518Z",
            "virtual_repository_config": [],
            "vulnerability_scanning_config": [
              {
                "enablement_config": "",
                "enablement_state": "SCANNING_DISABLED",
                "enablement_state_reason": "API containerscanning.googleapis.com is not enabled."
              }
            ]
          },
          "sensitive_attributes": [],
          "private": "eyJlMmJmYjczMC1lY2FhLTExZTYtOGY4OC0zNDM2M2JjN2M0YzAiOnsiY3JlYXRlIjoxMjAwMDAwMDAwMDAwLCJkZWxldGUiOjEyMDAwMDAwMDAwMDAsInVwZGF0ZSI6MTIwMDAwMDAwMDAwMH19",
          "dependencies": [
            "google_project_service.cicd_services",
            "google_project_service.shared_services"
          ]
        }
      ]
    },
    {
      "mode": "managed",
      "type": "google_bigquery_dataset",
      "name": "feedback_dataset",
      "provider": "provider[\"registry.terraform.io/hashicorp/google\"]",
      "instances": [
        {
          "index_key": "prod",
          "schema_version": 0,
          "attributes": {
            "access": [
              {
                "condition": [],
                "dataset": [],
                "domain": "",
                "group_by_email": "",
                "iam_member": "",
                "role": "OWNER",
                "routine": [],
                "special_group": "",
                "user_by_email": "mjb9353@nyu.edu",
                "view": []
              },
              {
                "condition": [],
                "dataset": [],
                "domain": "",
                "group_by_email": "",
                "iam_member": "",
                "role": "OWNER",
                "routine": [],
                "special_group": "projectOwners",
                "user_by_email": "",
                "view": []
              },
              {
                "condition": [],
                "dataset": [],
                "domain": "",
                "group_by_email": "",
                "iam_member": "",
                "role": "READER",
                "routine": [],
                "special_group": "projectReaders",
                "user_by_email": "",
                "view": []
              },
              {
                "condition": [],
                "dataset": [],
                "domain": "",
                "group_by_email": "",
                "iam_member": "",
                "role": "WRITER",
                "routine": [],
                "special_group": "projectWriters",
                "user_by_email": "",
                "view": []
              }
            ],
            "creation_time": 1738598210927,
            "dataset_id": "feedback_genai_app_sample_sink",
            "default_collation": "",
            "default_encryption_configuration": [],
            "default_partition_expiration_ms": 0,
            "default_table_expiration_ms": 0,
            "delete_contents_on_destroy": false,
            "description": "",
            "effective_labels": {
              "goog-terraform-provisioned": "true"
            },
            "etag": "JsSUkM/p4J63O8QpE8CqMw==",
            "external_dataset_reference": [],
            "friendly_name": "feedback_genai_app_sample_sink",
            "id": "projects/wagner-web-vertex-ai/datasets/feedback_genai_app_sample_sink",
            "is_case_insensitive": false,
            "labels": null,
            "last_modified_time": 1738598210927,
            "location": "us-central1",
            "max_time_travel_hours": "168",
            "project": "wagner-web-vertex-ai",
            "resource_tags": null,
            "self_link": "https://bigquery.googleapis.com/bigquery/v2/projects/wagner-web-vertex-ai/datasets/feedback_genai_app_sample_sink",
            "storage_billing_model": "",
            "terraform_labels": {
              "goog-terraform-provisioned": "true"
            },
            "timeouts": null
          },
          "sensitive_attributes": [],
          "private": "eyJlMmJmYjczMC1lY2FhLTExZTYtOGY4OC0zNDM2M2JjN2M0YzAiOnsiY3JlYXRlIjoxMjAwMDAwMDAwMDAwLCJkZWxldGUiOjEyMDAwMDAwMDAwMDAsInVwZGF0ZSI6MTIwMDAwMDAwMDAwMH19",
          "dependencies": [
            "google_project_service.cicd_services",
            "google_project_service.shared_services"
          ]
        },
        {
          "index_key": "staging",
          "schema_version": 0,
          "attributes": {
            "access": [
              {
                "condition": [],
                "dataset": [],
                "domain": "",
                "group_by_email": "",
                "iam_member": "",
                "role": "OWNER",
                "routine": [],
                "special_group": "",
                "user_by_email": "mjb9353@nyu.edu",
                "view": []
              },
              {
                "condition": [],
                "dataset": [],
                "domain": "",
                "group_by_email": "",
                "iam_member": "",
                "role": "OWNER",
                "routine": [],
                "special_group": "projectOwners",
                "user_by_email": "",
                "view": []
              },
              {
                "condition": [],
                "dataset": [],
                "domain": "",
                "group_by_email": "",
                "iam_member": "",
                "role": "READER",
                "routine": [],
                "special_group": "projectReaders",
                "user_by_email": "",
                "view": []
              },
              {
                "condition": [],
                "dataset": [],
                "domain": "",
                "group_by_email": "",
                "iam_member": "",
                "role": "WRITER",
                "routine": [],
                "special_group": "projectWriters",
                "user_by_email": "",
                "view": []
              }
            ],
            "creation_time": 1738598211026,
            "dataset_id": "feedback_genai_app_sample_sink",
            "default_collation": "",
            "default_encryption_configuration": [],
            "default_partition_expiration_ms": 0,
            "default_table_expiration_ms": 0,
            "delete_contents_on_destroy": false,
            "description": "",
            "effective_labels": {
              "goog-terraform-provisioned": "true"
            },
            "etag": "0lpDUiyBYS5btovnFWLPOA==",
            "external_dataset_reference": [],
            "friendly_name": "feedback_genai_app_sample_sink",
            "id": "projects/wagnerwebstage/datasets/feedback_genai_app_sample_sink",
            "is_case_insensitive": false,
            "labels": null,
            "last_modified_time": 1738598211026,
            "location": "us-central1",
            "max_time_travel_hours": "168",
            "project": "wagnerwebstage",
            "resource_tags": null,
            "self_link": "https://bigquery.googleapis.com/bigquery/v2/projects/wagnerwebstage/datasets/feedback_genai_app_sample_sink",
            "storage_billing_model": "",
            "terraform_labels": {
              "goog-terraform-provisioned": "true"
            },
            "timeouts": null
          },
          "sensitive_attributes": [],
          "private": "eyJlMmJmYjczMC1lY2FhLTExZTYtOGY4OC0zNDM2M2JjN2M0YzAiOnsiY3JlYXRlIjoxMjAwMDAwMDAwMDAwLCJkZWxldGUiOjEyMDAwMDAwMDAwMDAsInVwZGF0ZSI6MTIwMDAwMDAwMDAwMH19",
          "dependencies": [
            "google_project_service.cicd_services",
            "google_project_service.shared_services"
          ]
        }
      ]
    },
    {
      "mode": "managed",
      "type": "google_bigquery_dataset",
      "name": "telemetry_logs_dataset",
      "provider": "provider[\"registry.terraform.io/hashicorp/google\"]",
      "instances": [
        {
          "index_key": "prod",
          "schema_version": 0,
          "attributes": {
            "access": [
              {
                "condition": [],
                "dataset": [],
                "domain": "",
                "group_by_email": "",
                "iam_member": "",
                "role": "OWNER",
                "routine": [],
                "special_group": "",
                "user_by_email": "mjb9353@nyu.edu",
                "view": []
              },
              {
                "condition": [],
                "dataset": [],
                "domain": "",
                "group_by_email": "",
                "iam_member": "",
                "role": "OWNER",
                "routine": [],
                "special_group": "projectOwners",
                "user_by_email": "",
                "view": []
              },
              {
                "condition": [],
                "dataset": [],
                "domain": "",
                "group_by_email": "",
                "iam_member": "",
                "role": "READER",
                "routine": [],
                "special_group": "projectReaders",
                "user_by_email": "",
                "view": []
              },
              {
                "condition": [],
                "dataset": [],
                "domain": "",
                "group_by_email": "",
                "iam_member": "",
                "role": "WRITER",
                "routine": [],
                "special_group": "projectWriters",
                "user_by_email": "",
                "view": []
              }
            ],
            "creation_time": 1738598217521,
            "dataset_id": "telemetry_genai_app_sample_sink",
            "default_collation": "",
            "default_encryption_configuration": [],
            "default_partition_expiration_ms": 0,
            "default_table_expiration_ms": 0,
            "delete_contents_on_destroy": false,
            "description": "",
            "effective_labels": {
              "goog-terraform-provisioned": "true"
            },
            "etag": "wbRQb2MMPg1x40TAVPgPaA==",
            "external_dataset_reference": [],
            "friendly_name": "telemetry_genai_app_sample_sink",
            "id": "projects/wagner-web-vertex-ai/datasets/telemetry_genai_app_sample_sink",
            "is_case_insensitive": false,
            "labels": null,
            "last_modified_time": 1738598217521,
            "location": "us-central1",
            "max_time_travel_hours": "168",
            "project": "wagner-web-vertex-ai",
            "resource_tags": null,
            "self_link": "https://bigquery.googleapis.com/bigquery/v2/projects/wagner-web-vertex-ai/datasets/telemetry_genai_app_sample_sink",
            "storage_billing_model": "",
            "terraform_labels": {
              "goog-terraform-provisioned": "true"
            },
            "timeouts": null
          },
          "sensitive_attributes": [],
          "private": "eyJlMmJmYjczMC1lY2FhLTExZTYtOGY4OC0zNDM2M2JjN2M0YzAiOnsiY3JlYXRlIjoxMjAwMDAwMDAwMDAwLCJkZWxldGUiOjEyMDAwMDAwMDAwMDAsInVwZGF0ZSI6MTIwMDAwMDAwMDAwMH19",
          "dependencies": [
            "google_bigquery_dataset.feedback_dataset",
            "google_project_service.cicd_services",
            "google_project_service.shared_services",
            "module.feedback_export_to_bigquery.google_logging_billing_account_sink.sink",
            "module.feedback_export_to_bigquery.google_logging_folder_sink.sink",
            "module.feedback_export_to_bigquery.google_logging_organization_sink.sink",
            "module.feedback_export_to_bigquery.google_logging_project_sink.sink",
            "module.log_export_to_bigquery.google_logging_billing_account_sink.sink",
            "module.log_export_to_bigquery.google_logging_folder_sink.sink",
            "module.log_export_to_bigquery.google_logging_organization_sink.sink",
            "module.log_export_to_bigquery.google_logging_project_sink.sink"
          ]
        },
        {
          "index_key": "staging",
          "schema_version": 0,
          "attributes": {
            "access": [
              {
                "condition": [],
                "dataset": [],
                "domain": "",
                "group_by_email": "",
                "iam_member": "",
                "role": "OWNER",
                "routine": [],
                "special_group": "",
                "user_by_email": "mjb9353@nyu.edu",
                "view": []
              },
              {
                "condition": [],
                "dataset": [],
                "domain": "",
                "group_by_email": "",
                "iam_member": "",
                "role": "OWNER",
                "routine": [],
                "special_group": "projectOwners",
                "user_by_email": "",
                "view": []
              },
              {
                "condition": [],
                "dataset": [],
                "domain": "",
                "group_by_email": "",
                "iam_member": "",
                "role": "READER",
                "routine": [],
                "special_group": "projectReaders",
                "user_by_email": "",
                "view": []
              },
              {
                "condition": [],
                "dataset": [],
                "domain": "",
                "group_by_email": "",
                "iam_member": "",
                "role": "WRITER",
                "routine": [],
                "special_group": "projectWriters",
                "user_by_email": "",
                "view": []
              }
            ],
            "creation_time": 1738598217678,
            "dataset_id": "telemetry_genai_app_sample_sink",
            "default_collation": "",
            "default_encryption_configuration": [],
            "default_partition_expiration_ms": 0,
            "default_table_expiration_ms": 0,
            "delete_contents_on_destroy": false,
            "description": "",
            "effective_labels": {
              "goog-terraform-provisioned": "true"
            },
            "etag": "vMn4qHsRizubV6ZTzgOnAw==",
            "external_dataset_reference": [],
            "friendly_name": "telemetry_genai_app_sample_sink",
            "id": "projects/wagnerwebstage/datasets/telemetry_genai_app_sample_sink",
            "is_case_insensitive": false,
            "labels": null,
            "last_modified_time": 1738598217678,
            "location": "us-central1",
            "max_time_travel_hours": "168",
            "project": "wagnerwebstage",
            "resource_tags": null,
            "self_link": "https://bigquery.googleapis.com/bigquery/v2/projects/wagnerwebstage/datasets/telemetry_genai_app_sample_sink",
            "storage_billing_model": "",
            "terraform_labels": {
              "goog-terraform-provisioned": "true"
            },
            "timeouts": null
          },
          "sensitive_attributes": [],
          "private": "eyJlMmJmYjczMC1lY2FhLTExZTYtOGY4OC0zNDM2M2JjN2M0YzAiOnsiY3JlYXRlIjoxMjAwMDAwMDAwMDAwLCJkZWxldGUiOjEyMDAwMDAwMDAwMDAsInVwZGF0ZSI6MTIwMDAwMDAwMDAwMH19",
          "dependencies": [
            "google_bigquery_dataset.feedback_dataset",
            "google_project_service.cicd_services",
            "google_project_service.shared_services",
            "module.feedback_export_to_bigquery.google_logging_billing_account_sink.sink",
            "module.feedback_export_to_bigquery.google_logging_folder_sink.sink",
            "module.feedback_export_to_bigquery.google_logging_organization_sink.sink",
            "module.feedback_export_to_bigquery.google_logging_project_sink.sink",
            "module.log_export_to_bigquery.google_logging_billing_account_sink.sink",
            "module.log_export_to_bigquery.google_logging_folder_sink.sink",
            "module.log_export_to_bigquery.google_logging_organization_sink.sink",
            "module.log_export_to_bigquery.google_logging_project_sink.sink"
          ]
        }
      ]
    },
    {
      "mode": "managed",
      "type": "google_cloudbuild_trigger",
      "name": "cd_pipeline",
      "provider": "provider[\"registry.terraform.io/hashicorp/google\"]",
      "instances": [
        {
          "schema_version": 2,
          "attributes": {
            "approval_config": [
              {
                "approval_required": false
              }
            ],
            "bitbucket_server_trigger_config": [],
            "build": [],
            "create_time": "2025-02-03T15:57:03.098260155Z",
            "description": "Trigger for CD pipeline",
            "disabled": false,
            "filename": "deployment/cd/staging.yaml",
            "filter": "",
            "git_file_source": [],
            "github": [],
            "id": "projects/wagnerwebpipeline/locations/us-central1/triggers/dc80f102-4cd5-452b-b39b-c10a93a3632f",
            "ignored_files": null,
            "include_build_logs": "",
            "included_files": [
              "app/**",
              "data_processing/**",
              "tests/**",
              "deployment/**",
              "poetry.lock"
            ],
            "location": "us-central1",
            "name": "cd-pipeline",
            "project": "wagnerwebpipeline",
            "pubsub_config": [],
            "repository_event_config": [
              {
                "pull_request": [],
                "push": [
                  {
                    "branch": "main",
                    "invert_regex": false,
                    "tag": ""
                  }
                ],
                "repository": "projects/wagnerwebpipeline/locations/us-central1/connections/MattGithub/repositories/boubinmj-geminiChatBot"
              }
            ],
            "service_account": "projects/wagnerwebpipeline/serviceAccounts/cicd-runner@wagnerwebpipeline.iam.gserviceaccount.com",
            "source_to_build": [],
            "substitutions": {
              "_ARTIFACT_REGISTRY_REPO_NAME": "genai-containers",
              "_BUCKET_NAME_LOAD_TEST_RESULTS": "wagnerwebpipeline-cicd-load-test-results",
              "_CLOUD_RUN_APP_SA_NAME": "genai-app-sample-cr-sa",
              "_REGION": "us-central1",
              "_STAGING_PROJECT_ID": "wagnerwebstage"
            },
            "tags": null,
            "timeouts": null,
            "trigger_id": "dc80f102-4cd5-452b-b39b-c10a93a3632f",
            "trigger_template": [],
            "webhook_config": []
          },
          "sensitive_attributes": [],
          "private": "eyJlMmJmYjczMC1lY2FhLTExZTYtOGY4OC0zNDM2M2JjN2M0YzAiOnsiY3JlYXRlIjoxMjAwMDAwMDAwMDAwLCJkZWxldGUiOjEyMDAwMDAwMDAwMDAsInVwZGF0ZSI6MTIwMDAwMDAwMDAwMH0sInNjaGVtYV92ZXJzaW9uIjoiMiJ9",
          "dependencies": [
            "google_project_service.cicd_services",
            "google_project_service.shared_services",
            "google_service_account.cicd_runner_sa",
            "google_storage_bucket.bucket_load_test_results"
          ]
        }
      ]
    },
    {
      "mode": "managed",
      "type": "google_cloudbuild_trigger",
      "name": "deploy_to_prod_pipeline",
      "provider": "provider[\"registry.terraform.io/hashicorp/google\"]",
      "instances": [
        {
          "schema_version": 2,
          "attributes": {
            "approval_config": [
              {
                "approval_required": true
              }
            ],
            "bitbucket_server_trigger_config": [],
            "build": [],
            "create_time": "2025-02-03T15:57:03.124203917Z",
            "description": "Trigger for deployment to production",
            "disabled": false,
            "filename": "deployment/cd/deploy-to-prod.yaml",
            "filter": "",
            "git_file_source": [],
            "github": [],
            "id": "projects/wagnerwebpipeline/locations/us-central1/triggers/c97066bf-ee72-4386-842b-c3772bba250d",
            "ignored_files": null,
            "include_build_logs": "",
            "included_files": null,
            "location": "us-central1",
            "name": "deploy-to-prod-pipeline",
            "project": "wagnerwebpipeline",
            "pubsub_config": [],
            "repository_event_config": [
              {
                "pull_request": [],
                "push": [],
                "repository": "projects/wagnerwebpipeline/locations/us-central1/connections/MattGithub/repositories/boubinmj-geminiChatBot"
              }
            ],
            "service_account": "projects/wagnerwebpipeline/serviceAccounts/cicd-runner@wagnerwebpipeline.iam.gserviceaccount.com",
            "source_to_build": [],
            "substitutions": {
              "_ARTIFACT_REGISTRY_REPO_NAME": "genai-containers",
              "_CLOUD_RUN_APP_SA_NAME": "genai-app-sample-cr-sa",
              "_PROD_PROJECT_ID": "wagner-web-vertex-ai",
              "_REGION": "us-central1"
            },
            "tags": null,
            "timeouts": null,
            "trigger_id": "c97066bf-ee72-4386-842b-c3772bba250d",
            "trigger_template": [],
            "webhook_config": []
          },
          "sensitive_attributes": [],
          "private": "eyJlMmJmYjczMC1lY2FhLTExZTYtOGY4OC0zNDM2M2JjN2M0YzAiOnsiY3JlYXRlIjoxMjAwMDAwMDAwMDAwLCJkZWxldGUiOjEyMDAwMDAwMDAwMDAsInVwZGF0ZSI6MTIwMDAwMDAwMDAwMH0sInNjaGVtYV92ZXJzaW9uIjoiMiJ9",
          "dependencies": [
            "google_project_service.cicd_services",
            "google_project_service.shared_services",
            "google_service_account.cicd_runner_sa"
          ]
        }
      ]
    },
    {
      "mode": "managed",
      "type": "google_cloudbuild_trigger",
      "name": "pr_checks",
      "provider": "provider[\"registry.terraform.io/hashicorp/google\"]",
      "instances": [
        {
          "schema_version": 2,
          "attributes": {
            "approval_config": [
              {
                "approval_required": false
              }
            ],
            "bitbucket_server_trigger_config": [],
            "build": [],
            "create_time": "2025-02-03T15:57:03.006774557Z",
            "description": "Trigger for PR checks",
            "disabled": false,
            "filename": "deployment/ci/pr_checks.yaml",
            "filter": "",
            "git_file_source": [],
            "github": [],
            "id": "projects/wagnerwebpipeline/locations/us-central1/triggers/8076a702-385d-438f-b73a-f03f8541db9a",
            "ignored_files": null,
            "include_build_logs": "",
            "included_files": [
              "app/**",
              "data_processing/**",
              "tests/**",
              "deployment/**",
              "poetry.lock"
            ],
            "location": "us-central1",
            "name": "pr-checks",
            "project": "wagnerwebpipeline",
            "pubsub_config": [],
            "repository_event_config": [
              {
                "pull_request": [
                  {
                    "branch": "main",
                    "comment_control": "",
                    "invert_regex": false
                  }
                ],
                "push": [],
                "repository": "projects/wagnerwebpipeline/locations/us-central1/connections/MattGithub/repositories/boubinmj-geminiChatBot"
              }
            ],
            "service_account": "projects/wagnerwebpipeline/serviceAccounts/cicd-runner@wagnerwebpipeline.iam.gserviceaccount.com",
            "source_to_build": [],
            "substitutions": null,
            "tags": null,
            "timeouts": null,
            "trigger_id": "8076a702-385d-438f-b73a-f03f8541db9a",
            "trigger_template": [],
            "webhook_config": []
          },
          "sensitive_attributes": [],
          "private": "eyJlMmJmYjczMC1lY2FhLTExZTYtOGY4OC0zNDM2M2JjN2M0YzAiOnsiY3JlYXRlIjoxMjAwMDAwMDAwMDAwLCJkZWxldGUiOjEyMDAwMDAwMDAwMDAsInVwZGF0ZSI6MTIwMDAwMDAwMDAwMH0sInNjaGVtYV92ZXJzaW9uIjoiMiJ9",
          "dependencies": [
            "google_project_service.cicd_services",
            "google_project_service.shared_services",
            "google_service_account.cicd_runner_sa"
          ]
        }
      ]
    },
    {
      "mode": "managed",
      "type": "google_project_iam_member",
      "name": "bigquery_data_editor",
      "provider": "provider[\"registry.terraform.io/hashicorp/google\"]",
      "instances": [
        {
          "index_key": "prod",
          "schema_version": 0,
          "attributes": {
            "condition": [],
            "etag": "BwYtPvFMVNs=",
            "id": "wagner-web-vertex-ai/roles/bigquery.dataEditor/serviceAccount:service-481387336762@gcp-sa-logging.iam.gserviceaccount.com",
            "member": "serviceAccount:service-481387336762@gcp-sa-logging.iam.gserviceaccount.com",
            "project": "wagner-web-vertex-ai",
            "role": "roles/bigquery.dataEditor"
          },
          "sensitive_attributes": [],
          "private": "bnVsbA==",
          "dependencies": [
            "google_project_service.cicd_services",
            "google_project_service.shared_services",
            "module.log_export_to_bigquery.google_logging_billing_account_sink.sink",
            "module.log_export_to_bigquery.google_logging_folder_sink.sink",
            "module.log_export_to_bigquery.google_logging_organization_sink.sink",
            "module.log_export_to_bigquery.google_logging_project_sink.sink"
          ]
        },
        {
          "index_key": "staging",
          "schema_version": 0,
          "attributes": {
            "condition": [],
            "etag": "BwYtPvFOOPY=",
            "id": "wagnerwebstage/roles/bigquery.dataEditor/serviceAccount:service-221493293323@gcp-sa-logging.iam.gserviceaccount.com",
            "member": "serviceAccount:service-221493293323@gcp-sa-logging.iam.gserviceaccount.com",
            "project": "wagnerwebstage",
            "role": "roles/bigquery.dataEditor"
          },
          "sensitive_attributes": [],
          "private": "bnVsbA==",
          "dependencies": [
            "google_project_service.cicd_services",
            "google_project_service.shared_services",
            "module.log_export_to_bigquery.google_logging_billing_account_sink.sink",
            "module.log_export_to_bigquery.google_logging_folder_sink.sink",
            "module.log_export_to_bigquery.google_logging_organization_sink.sink",
            "module.log_export_to_bigquery.google_logging_project_sink.sink"
          ]
        }
      ]
    },
    {
      "mode": "managed",
      "type": "google_project_iam_member",
      "name": "cicd_project_roles",
      "provider": "provider[\"registry.terraform.io/hashicorp/google\"]",
      "instances": [
        {
          "index_key": "roles/aiplatform.user",
          "schema_version": 0,
          "attributes": {
            "condition": [],
            "etag": "BwYtPvGymGU=",
            "id": "wagnerwebpipeline/roles/aiplatform.user/serviceAccount:cicd-runner@wagnerwebpipeline.iam.gserviceaccount.com",
            "member": "serviceAccount:cicd-runner@wagnerwebpipeline.iam.gserviceaccount.com",
            "project": "wagnerwebpipeline",
            "role": "roles/aiplatform.user"
          },
          "sensitive_attributes": [],
          "private": "bnVsbA==",
          "dependencies": [
            "google_project_service.cicd_services",
            "google_project_service.shared_services",
            "google_service_account.cicd_runner_sa"
          ]
        },
        {
          "index_key": "roles/artifactregistry.writer",
          "schema_version": 0,
          "attributes": {
            "condition": [],
            "etag": "BwYtPvGymGU=",
            "id": "wagnerwebpipeline/roles/artifactregistry.writer/serviceAccount:cicd-runner@wagnerwebpipeline.iam.gserviceaccount.com",
            "member": "serviceAccount:cicd-runner@wagnerwebpipeline.iam.gserviceaccount.com",
            "project": "wagnerwebpipeline",
            "role": "roles/artifactregistry.writer"
          },
          "sensitive_attributes": [],
          "private": "bnVsbA==",
          "dependencies": [
            "google_project_service.cicd_services",
            "google_project_service.shared_services",
            "google_service_account.cicd_runner_sa"
          ]
        },
        {
          "index_key": "roles/cloudbuild.builds.builder",
          "schema_version": 0,
          "attributes": {
            "condition": [],
            "etag": "BwYtPvGymGU=",
            "id": "wagnerwebpipeline/roles/cloudbuild.builds.builder/serviceAccount:cicd-runner@wagnerwebpipeline.iam.gserviceaccount.com",
            "member": "serviceAccount:cicd-runner@wagnerwebpipeline.iam.gserviceaccount.com",
            "project": "wagnerwebpipeline",
            "role": "roles/cloudbuild.builds.builder"
          },
          "sensitive_attributes": [],
          "private": "bnVsbA==",
          "dependencies": [
            "google_project_service.cicd_services",
            "google_project_service.shared_services",
            "google_service_account.cicd_runner_sa"
          ]
        },
        {
          "index_key": "roles/discoveryengine.editor",
          "schema_version": 0,
          "attributes": {
            "condition": [],
            "etag": "BwYtPvGymGU=",
            "id": "wagnerwebpipeline/roles/discoveryengine.editor/serviceAccount:cicd-runner@wagnerwebpipeline.iam.gserviceaccount.com",
            "member": "serviceAccount:cicd-runner@wagnerwebpipeline.iam.gserviceaccount.com",
            "project": "wagnerwebpipeline",
            "role": "roles/discoveryengine.editor"
          },
          "sensitive_attributes": [],
          "private": "bnVsbA==",
          "dependencies": [
            "google_project_service.cicd_services",
            "google_project_service.shared_services",
            "google_service_account.cicd_runner_sa"
          ]
        },
        {
          "index_key": "roles/logging.logWriter",
          "schema_version": 0,
          "attributes": {
            "condition": [],
            "etag": "BwYtPvGymGU=",
            "id": "wagnerwebpipeline/roles/logging.logWriter/serviceAccount:cicd-runner@wagnerwebpipeline.iam.gserviceaccount.com",
            "member": "serviceAccount:cicd-runner@wagnerwebpipeline.iam.gserviceaccount.com",
            "project": "wagnerwebpipeline",
            "role": "roles/logging.logWriter"
          },
          "sensitive_attributes": [],
          "private": "bnVsbA==",
          "dependencies": [
            "google_project_service.cicd_services",
            "google_project_service.shared_services",
            "google_service_account.cicd_runner_sa"
          ]
        },
        {
          "index_key": "roles/run.invoker",
          "schema_version": 0,
          "attributes": {
            "condition": [],
            "etag": "BwYtPvGymGU=",
            "id": "wagnerwebpipeline/roles/run.invoker/serviceAccount:cicd-runner@wagnerwebpipeline.iam.gserviceaccount.com",
            "member": "serviceAccount:cicd-runner@wagnerwebpipeline.iam.gserviceaccount.com",
            "project": "wagnerwebpipeline",
            "role": "roles/run.invoker"
          },
          "sensitive_attributes": [],
          "private": "bnVsbA==",
          "dependencies": [
            "google_project_service.cicd_services",
            "google_project_service.shared_services",
            "google_service_account.cicd_runner_sa"
          ]
        },
        {
          "index_key": "roles/storage.admin",
          "schema_version": 0,
          "attributes": {
            "condition": [],
            "etag": "BwYtPvGymGU=",
            "id": "wagnerwebpipeline/roles/storage.admin/serviceAccount:cicd-runner@wagnerwebpipeline.iam.gserviceaccount.com",
            "member": "serviceAccount:cicd-runner@wagnerwebpipeline.iam.gserviceaccount.com",
            "project": "wagnerwebpipeline",
            "role": "roles/storage.admin"
          },
          "sensitive_attributes": [],
          "private": "bnVsbA==",
          "dependencies": [
            "google_project_service.cicd_services",
            "google_project_service.shared_services",
            "google_service_account.cicd_runner_sa"
          ]
        }
      ]
    },
    {
      "mode": "managed",
      "type": "google_project_iam_member",
      "name": "cicd_run_invoker_artifact_registry_reader",
      "provider": "provider[\"registry.terraform.io/hashicorp/google\"]",
      "instances": [
        {
          "index_key": "prod",
          "schema_version": 0,
          "attributes": {
            "condition": [],
            "etag": "BwYtPvD1r+w=",
            "id": "wagnerwebpipeline/roles/artifactregistry.reader/serviceAccount:service-481387336762@serverless-robot-prod.iam.gserviceaccount.com",
            "member": "serviceAccount:service-481387336762@serverless-robot-prod.iam.gserviceaccount.com",
            "project": "wagnerwebpipeline",
            "role": "roles/artifactregistry.reader"
          },
          "sensitive_attributes": [],
          "private": "bnVsbA==",
          "dependencies": [
            "data.google_project.projects",
            "google_project_service.cicd_services",
            "google_project_service.shared_services"
          ]
        },
        {
          "index_key": "staging",
          "schema_version": 0,
          "attributes": {
            "condition": [],
            "etag": "BwYtPvD1r+w=",
            "id": "wagnerwebpipeline/roles/artifactregistry.reader/serviceAccount:service-221493293323@serverless-robot-prod.iam.gserviceaccount.com",
            "member": "serviceAccount:service-221493293323@serverless-robot-prod.iam.gserviceaccount.com",
            "project": "wagnerwebpipeline",
            "role": "roles/artifactregistry.reader"
          },
          "sensitive_attributes": [],
          "private": "bnVsbA==",
          "dependencies": [
            "data.google_project.projects",
            "google_project_service.cicd_services",
            "google_project_service.shared_services"
          ]
        }
      ]
    },
    {
      "mode": "managed",
      "type": "google_project_iam_member",
      "name": "cloud_run_app_sa_roles",
      "provider": "provider[\"registry.terraform.io/hashicorp/google\"]",
      "instances": [
        {
          "index_key": "prod,roles/aiplatform.user",
          "schema_version": 0,
          "attributes": {
            "condition": [],
            "etag": "BwYtPvKryhU=",
            "id": "wagner-web-vertex-ai/roles/aiplatform.user/serviceAccount:genai-app-sample-cr-sa@wagner-web-vertex-ai.iam.gserviceaccount.com",
            "member": "serviceAccount:genai-app-sample-cr-sa@wagner-web-vertex-ai.iam.gserviceaccount.com",
            "project": "wagner-web-vertex-ai",
            "role": "roles/aiplatform.user"
          },
          "sensitive_attributes": [],
          "private": "bnVsbA==",
          "dependencies": [
            "google_project_service.cicd_services",
            "google_project_service.shared_services",
            "google_service_account.cloud_run_app_sa"
          ]
        },
        {
          "index_key": "prod,roles/cloudtrace.agent",
          "schema_version": 0,
          "attributes": {
            "condition": [],
            "etag": "BwYtPvKryhU=",
            "id": "wagner-web-vertex-ai/roles/cloudtrace.agent/serviceAccount:genai-app-sample-cr-sa@wagner-web-vertex-ai.iam.gserviceaccount.com",
            "member": "serviceAccount:genai-app-sample-cr-sa@wagner-web-vertex-ai.iam.gserviceaccount.com",
            "project": "wagner-web-vertex-ai",
            "role": "roles/cloudtrace.agent"
          },
          "sensitive_attributes": [],
          "private": "bnVsbA==",
          "dependencies": [
            "google_project_service.cicd_services",
            "google_project_service.shared_services",
            "google_service_account.cloud_run_app_sa"
          ]
        },
        {
          "index_key": "prod,roles/discoveryengine.editor",
          "schema_version": 0,
          "attributes": {
            "condition": [],
            "etag": "BwYtPvKryhU=",
            "id": "wagner-web-vertex-ai/roles/discoveryengine.editor/serviceAccount:genai-app-sample-cr-sa@wagner-web-vertex-ai.iam.gserviceaccount.com",
            "member": "serviceAccount:genai-app-sample-cr-sa@wagner-web-vertex-ai.iam.gserviceaccount.com",
            "project": "wagner-web-vertex-ai",
            "role": "roles/discoveryengine.editor"
          },
          "sensitive_attributes": [],
          "private": "bnVsbA==",
          "dependencies": [
            "google_project_service.cicd_services",
            "google_project_service.shared_services",
            "google_service_account.cloud_run_app_sa"
          ]
        },
        {
          "index_key": "prod,roles/logging.logWriter",
          "schema_version": 0,
          "attributes": {
            "condition": [],
            "etag": "BwYtPvIsFKU=",
            "id": "wagner-web-vertex-ai/roles/logging.logWriter/serviceAccount:genai-app-sample-cr-sa@wagner-web-vertex-ai.iam.gserviceaccount.com",
            "member": "serviceAccount:genai-app-sample-cr-sa@wagner-web-vertex-ai.iam.gserviceaccount.com",
            "project": "wagner-web-vertex-ai",
            "role": "roles/logging.logWriter"
          },
          "sensitive_attributes": [],
          "private": "bnVsbA==",
          "dependencies": [
            "google_project_service.cicd_services",
            "google_project_service.shared_services",
            "google_service_account.cloud_run_app_sa"
          ]
        },
        {
          "index_key": "prod,roles/storage.admin",
          "schema_version": 0,
          "attributes": {
            "condition": [],
            "etag": "BwYtPvIsFKU=",
            "id": "wagner-web-vertex-ai/roles/storage.admin/serviceAccount:genai-app-sample-cr-sa@wagner-web-vertex-ai.iam.gserviceaccount.com",
            "member": "serviceAccount:genai-app-sample-cr-sa@wagner-web-vertex-ai.iam.gserviceaccount.com",
            "project": "wagner-web-vertex-ai",
            "role": "roles/storage.admin"
          },
          "sensitive_attributes": [],
          "private": "bnVsbA==",
          "dependencies": [
            "google_project_service.cicd_services",
            "google_project_service.shared_services",
            "google_service_account.cloud_run_app_sa"
          ]
        },
        {
          "index_key": "staging,roles/aiplatform.user",
          "schema_version": 0,
          "attributes": {
            "condition": [],
            "etag": "BwYtPvKh2Ps=",
            "id": "wagnerwebstage/roles/aiplatform.user/serviceAccount:genai-app-sample-cr-sa@wagnerwebstage.iam.gserviceaccount.com",
            "member": "serviceAccount:genai-app-sample-cr-sa@wagnerwebstage.iam.gserviceaccount.com",
            "project": "wagnerwebstage",
            "role": "roles/aiplatform.user"
          },
          "sensitive_attributes": [],
          "private": "bnVsbA==",
          "dependencies": [
            "google_project_service.cicd_services",
            "google_project_service.shared_services",
            "google_service_account.cloud_run_app_sa"
          ]
        },
        {
          "index_key": "staging,roles/cloudtrace.agent",
          "schema_version": 0,
          "attributes": {
            "condition": [],
            "etag": "BwYtPvKh2Ps=",
            "id": "wagnerwebstage/roles/cloudtrace.agent/serviceAccount:genai-app-sample-cr-sa@wagnerwebstage.iam.gserviceaccount.com",
            "member": "serviceAccount:genai-app-sample-cr-sa@wagnerwebstage.iam.gserviceaccount.com",
            "project": "wagnerwebstage",
            "role": "roles/cloudtrace.agent"
          },
          "sensitive_attributes": [],
          "private": "bnVsbA==",
          "dependencies": [
            "google_project_service.cicd_services",
            "google_project_service.shared_services",
            "google_service_account.cloud_run_app_sa"
          ]
        },
        {
          "index_key": "staging,roles/discoveryengine.editor",
          "schema_version": 0,
          "attributes": {
            "condition": [],
            "etag": "BwYtPvKh2Ps=",
            "id": "wagnerwebstage/roles/discoveryengine.editor/serviceAccount:genai-app-sample-cr-sa@wagnerwebstage.iam.gserviceaccount.com",
            "member": "serviceAccount:genai-app-sample-cr-sa@wagnerwebstage.iam.gserviceaccount.com",
            "project": "wagnerwebstage",
            "role": "roles/discoveryengine.editor"
          },
          "sensitive_attributes": [],
          "private": "bnVsbA==",
          "dependencies": [
            "google_project_service.cicd_services",
            "google_project_service.shared_services",
            "google_service_account.cloud_run_app_sa"
          ]
        },
        {
          "index_key": "staging,roles/logging.logWriter",
          "schema_version": 0,
          "attributes": {
            "condition": [],
            "etag": "BwYtPvKh2Ps=",
            "id": "wagnerwebstage/roles/logging.logWriter/serviceAccount:genai-app-sample-cr-sa@wagnerwebstage.iam.gserviceaccount.com",
            "member": "serviceAccount:genai-app-sample-cr-sa@wagnerwebstage.iam.gserviceaccount.com",
            "project": "wagnerwebstage",
            "role": "roles/logging.logWriter"
          },
          "sensitive_attributes": [],
          "private": "bnVsbA==",
          "dependencies": [
            "google_project_service.cicd_services",
            "google_project_service.shared_services",
            "google_service_account.cloud_run_app_sa"
          ]
        },
        {
          "index_key": "staging,roles/storage.admin",
          "schema_version": 0,
          "attributes": {
            "condition": [],
            "etag": "BwYtPvKh2Ps=",
            "id": "wagnerwebstage/roles/storage.admin/serviceAccount:genai-app-sample-cr-sa@wagnerwebstage.iam.gserviceaccount.com",
            "member": "serviceAccount:genai-app-sample-cr-sa@wagnerwebstage.iam.gserviceaccount.com",
            "project": "wagnerwebstage",
            "role": "roles/storage.admin"
          },
          "sensitive_attributes": [],
          "private": "bnVsbA==",
          "dependencies": [
            "google_project_service.cicd_services",
            "google_project_service.shared_services",
            "google_service_account.cloud_run_app_sa"
          ]
        }
      ]
    },
    {
      "mode": "managed",
      "type": "google_project_iam_member",
      "name": "other_projects_roles",
      "provider": "provider[\"registry.terraform.io/hashicorp/google\"]",
      "instances": [
        {
          "index_key": "prod-roles/aiplatform.user",
          "schema_version": 0,
          "attributes": {
            "condition": [],
            "etag": "BwYtPvIsFKU=",
            "id": "wagner-web-vertex-ai/roles/aiplatform.user/serviceAccount:cicd-runner@wagnerwebpipeline.iam.gserviceaccount.com",
            "member": "serviceAccount:cicd-runner@wagnerwebpipeline.iam.gserviceaccount.com",
            "project": "wagner-web-vertex-ai",
            "role": "roles/aiplatform.user"
          },
          "sensitive_attributes": [],
          "private": "bnVsbA==",
          "dependencies": [
            "google_project_service.cicd_services",
            "google_project_service.shared_services",
            "google_service_account.cicd_runner_sa"
          ]
        },
        {
          "index_key": "prod-roles/iam.serviceAccountUser",
          "schema_version": 0,
          "attributes": {
            "condition": [],
            "etag": "BwYtPvIsFKU=",
            "id": "wagner-web-vertex-ai/roles/iam.serviceAccountUser/serviceAccount:cicd-runner@wagnerwebpipeline.iam.gserviceaccount.com",
            "member": "serviceAccount:cicd-runner@wagnerwebpipeline.iam.gserviceaccount.com",
            "project": "wagner-web-vertex-ai",
            "role": "roles/iam.serviceAccountUser"
          },
          "sensitive_attributes": [],
          "private": "bnVsbA==",
          "dependencies": [
            "google_project_service.cicd_services",
            "google_project_service.shared_services",
            "google_service_account.cicd_runner_sa"
          ]
        },
        {
          "index_key": "prod-roles/run.developer",
          "schema_version": 0,
          "attributes": {
            "condition": [],
            "etag": "BwYtPvIsFKU=",
            "id": "wagner-web-vertex-ai/roles/run.developer/serviceAccount:cicd-runner@wagnerwebpipeline.iam.gserviceaccount.com",
            "member": "serviceAccount:cicd-runner@wagnerwebpipeline.iam.gserviceaccount.com",
            "project": "wagner-web-vertex-ai",
            "role": "roles/run.developer"
          },
          "sensitive_attributes": [],
          "private": "bnVsbA==",
          "dependencies": [
            "google_project_service.cicd_services",
            "google_project_service.shared_services",
            "google_service_account.cicd_runner_sa"
          ]
        },
        {
          "index_key": "prod-roles/storage.admin",
          "schema_version": 0,
          "attributes": {
            "condition": [],
            "etag": "BwYtPvIsFKU=",
            "id": "wagner-web-vertex-ai/roles/storage.admin/serviceAccount:cicd-runner@wagnerwebpipeline.iam.gserviceaccount.com",
            "member": "serviceAccount:cicd-runner@wagnerwebpipeline.iam.gserviceaccount.com",
            "project": "wagner-web-vertex-ai",
            "role": "roles/storage.admin"
          },
          "sensitive_attributes": [],
          "private": "bnVsbA==",
          "dependencies": [
            "google_project_service.cicd_services",
            "google_project_service.shared_services",
            "google_service_account.cicd_runner_sa"
          ]
        },
        {
          "index_key": "staging-roles/aiplatform.user",
          "schema_version": 0,
          "attributes": {
            "condition": [],
            "etag": "BwYtPvIudFU=",
            "id": "wagnerwebstage/roles/aiplatform.user/serviceAccount:cicd-runner@wagnerwebpipeline.iam.gserviceaccount.com",
            "member": "serviceAccount:cicd-runner@wagnerwebpipeline.iam.gserviceaccount.com",
            "project": "wagnerwebstage",
            "role": "roles/aiplatform.user"
          },
          "sensitive_attributes": [],
          "private": "bnVsbA==",
          "dependencies": [
            "google_project_service.cicd_services",
            "google_project_service.shared_services",
            "google_service_account.cicd_runner_sa"
          ]
        },
        {
          "index_key": "staging-roles/iam.serviceAccountUser",
          "schema_version": 0,
          "attributes": {
            "condition": [],
            "etag": "BwYtPvIudFU=",
            "id": "wagnerwebstage/roles/iam.serviceAccountUser/serviceAccount:cicd-runner@wagnerwebpipeline.iam.gserviceaccount.com",
            "member": "serviceAccount:cicd-runner@wagnerwebpipeline.iam.gserviceaccount.com",
            "project": "wagnerwebstage",
            "role": "roles/iam.serviceAccountUser"
          },
          "sensitive_attributes": [],
          "private": "bnVsbA==",
          "dependencies": [
            "google_project_service.cicd_services",
            "google_project_service.shared_services",
            "google_service_account.cicd_runner_sa"
          ]
        },
        {
          "index_key": "staging-roles/run.developer",
          "schema_version": 0,
          "attributes": {
            "condition": [],
            "etag": "BwYtPvIudFU=",
            "id": "wagnerwebstage/roles/run.developer/serviceAccount:cicd-runner@wagnerwebpipeline.iam.gserviceaccount.com",
            "member": "serviceAccount:cicd-runner@wagnerwebpipeline.iam.gserviceaccount.com",
            "project": "wagnerwebstage",
            "role": "roles/run.developer"
          },
          "sensitive_attributes": [],
          "private": "bnVsbA==",
          "dependencies": [
            "google_project_service.cicd_services",
            "google_project_service.shared_services",
            "google_service_account.cicd_runner_sa"
          ]
        },
        {
          "index_key": "staging-roles/storage.admin",
          "schema_version": 0,
          "attributes": {
            "condition": [],
            "etag": "BwYtPvIudFU=",
            "id": "wagnerwebstage/roles/storage.admin/serviceAccount:cicd-runner@wagnerwebpipeline.iam.gserviceaccount.com",
            "member": "serviceAccount:cicd-runner@wagnerwebpipeline.iam.gserviceaccount.com",
            "project": "wagnerwebstage",
            "role": "roles/storage.admin"
          },
          "sensitive_attributes": [],
          "private": "bnVsbA==",
          "dependencies": [
            "google_project_service.cicd_services",
            "google_project_service.shared_services",
            "google_service_account.cicd_runner_sa"
          ]
        }
      ]
    },
    {
      "mode": "managed",
      "type": "google_project_service",
      "name": "cicd_services",
      "provider": "provider[\"registry.terraform.io/hashicorp/google\"]",
      "instances": [
        {
          "index_key": 0,
          "schema_version": 0,
          "attributes": {
            "disable_dependent_services": null,
            "disable_on_destroy": false,
            "id": "wagnerwebpipeline/cloudbuild.googleapis.com",
            "project": "wagnerwebpipeline",
            "service": "cloudbuild.googleapis.com",
            "timeouts": null
          },
          "sensitive_attributes": [],
          "private": "eyJlMmJmYjczMC1lY2FhLTExZTYtOGY4OC0zNDM2M2JjN2M0YzAiOnsiY3JlYXRlIjoxMjAwMDAwMDAwMDAwLCJkZWxldGUiOjEyMDAwMDAwMDAwMDAsInJlYWQiOjYwMDAwMDAwMDAwMCwidXBkYXRlIjoxMjAwMDAwMDAwMDAwfX0="
        },
        {
          "index_key": 1,
          "schema_version": 0,
          "attributes": {
            "disable_dependent_services": null,
            "disable_on_destroy": false,
            "id": "wagnerwebpipeline/discoveryengine.googleapis.com",
            "project": "wagnerwebpipeline",
            "service": "discoveryengine.googleapis.com",
            "timeouts": null
          },
          "sensitive_attributes": [],
          "private": "eyJlMmJmYjczMC1lY2FhLTExZTYtOGY4OC0zNDM2M2JjN2M0YzAiOnsiY3JlYXRlIjoxMjAwMDAwMDAwMDAwLCJkZWxldGUiOjEyMDAwMDAwMDAwMDAsInJlYWQiOjYwMDAwMDAwMDAwMCwidXBkYXRlIjoxMjAwMDAwMDAwMDAwfX0="
        },
        {
          "index_key": 2,
          "schema_version": 0,
          "attributes": {
            "disable_dependent_services": null,
            "disable_on_destroy": false,
            "id": "wagnerwebpipeline/aiplatform.googleapis.com",
            "project": "wagnerwebpipeline",
            "service": "aiplatform.googleapis.com",
            "timeouts": null
          },
          "sensitive_attributes": [],
          "private": "eyJlMmJmYjczMC1lY2FhLTExZTYtOGY4OC0zNDM2M2JjN2M0YzAiOnsiY3JlYXRlIjoxMjAwMDAwMDAwMDAwLCJkZWxldGUiOjEyMDAwMDAwMDAwMDAsInJlYWQiOjYwMDAwMDAwMDAwMCwidXBkYXRlIjoxMjAwMDAwMDAwMDAwfX0="
        },
        {
          "index_key": 3,
          "schema_version": 0,
          "attributes": {
            "disable_dependent_services": null,
            "disable_on_destroy": false,
            "id": "wagnerwebpipeline/serviceusage.googleapis.com",
            "project": "wagnerwebpipeline",
            "service": "serviceusage.googleapis.com",
            "timeouts": null
          },
          "sensitive_attributes": [],
          "private": "eyJlMmJmYjczMC1lY2FhLTExZTYtOGY4OC0zNDM2M2JjN2M0YzAiOnsiY3JlYXRlIjoxMjAwMDAwMDAwMDAwLCJkZWxldGUiOjEyMDAwMDAwMDAwMDAsInJlYWQiOjYwMDAwMDAwMDAwMCwidXBkYXRlIjoxMjAwMDAwMDAwMDAwfX0="
        },
        {
          "index_key": 4,
          "schema_version": 0,
          "attributes": {
            "disable_dependent_services": null,
            "disable_on_destroy": false,
            "id": "wagnerwebpipeline/bigquery.googleapis.com",
            "project": "wagnerwebpipeline",
            "service": "bigquery.googleapis.com",
            "timeouts": null
          },
          "sensitive_attributes": [],
          "private": "eyJlMmJmYjczMC1lY2FhLTExZTYtOGY4OC0zNDM2M2JjN2M0YzAiOnsiY3JlYXRlIjoxMjAwMDAwMDAwMDAwLCJkZWxldGUiOjEyMDAwMDAwMDAwMDAsInJlYWQiOjYwMDAwMDAwMDAwMCwidXBkYXRlIjoxMjAwMDAwMDAwMDAwfX0="
        },
        {
          "index_key": 5,
          "schema_version": 0,
          "attributes": {
            "disable_dependent_services": null,
            "disable_on_destroy": false,
            "id": "wagnerwebpipeline/cloudresourcemanager.googleapis.com",
            "project": "wagnerwebpipeline",
            "service": "cloudresourcemanager.googleapis.com",
            "timeouts": null
          },
          "sensitive_attributes": [],
          "private": "eyJlMmJmYjczMC1lY2FhLTExZTYtOGY4OC0zNDM2M2JjN2M0YzAiOnsiY3JlYXRlIjoxMjAwMDAwMDAwMDAwLCJkZWxldGUiOjEyMDAwMDAwMDAwMDAsInJlYWQiOjYwMDAwMDAwMDAwMCwidXBkYXRlIjoxMjAwMDAwMDAwMDAwfX0="
        },
        {
          "index_key": 6,
          "schema_version": 0,
          "attributes": {
            "disable_dependent_services": null,
            "disable_on_destroy": false,
            "id": "wagnerwebpipeline/cloudtrace.googleapis.com",
            "project": "wagnerwebpipeline",
            "service": "cloudtrace.googleapis.com",
            "timeouts": null
          },
          "sensitive_attributes": [],
          "private": "eyJlMmJmYjczMC1lY2FhLTExZTYtOGY4OC0zNDM2M2JjN2M0YzAiOnsiY3JlYXRlIjoxMjAwMDAwMDAwMDAwLCJkZWxldGUiOjEyMDAwMDAwMDAwMDAsInJlYWQiOjYwMDAwMDAwMDAwMCwidXBkYXRlIjoxMjAwMDAwMDAwMDAwfX0="
        }
      ]
    },
    {
      "mode": "managed",
      "type": "google_project_service",
      "name": "shared_services",
      "provider": "provider[\"registry.terraform.io/hashicorp/google\"]",
      "instances": [
        {
          "index_key": "prod_aiplatform_googleapis_com",
          "schema_version": 0,
          "attributes": {
            "disable_dependent_services": null,
            "disable_on_destroy": false,
            "id": "wagner-web-vertex-ai/aiplatform.googleapis.com",
            "project": "wagner-web-vertex-ai",
            "service": "aiplatform.googleapis.com",
            "timeouts": null
          },
          "sensitive_attributes": [],
          "private": "eyJlMmJmYjczMC1lY2FhLTExZTYtOGY4OC0zNDM2M2JjN2M0YzAiOnsiY3JlYXRlIjoxMjAwMDAwMDAwMDAwLCJkZWxldGUiOjEyMDAwMDAwMDAwMDAsInJlYWQiOjYwMDAwMDAwMDAwMCwidXBkYXRlIjoxMjAwMDAwMDAwMDAwfX0="
        },
        {
          "index_key": "prod_bigquery_googleapis_com",
          "schema_version": 0,
          "attributes": {
            "disable_dependent_services": null,
            "disable_on_destroy": false,
            "id": "wagner-web-vertex-ai/bigquery.googleapis.com",
            "project": "wagner-web-vertex-ai",
            "service": "bigquery.googleapis.com",
            "timeouts": null
          },
          "sensitive_attributes": [],
          "private": "eyJlMmJmYjczMC1lY2FhLTExZTYtOGY4OC0zNDM2M2JjN2M0YzAiOnsiY3JlYXRlIjoxMjAwMDAwMDAwMDAwLCJkZWxldGUiOjEyMDAwMDAwMDAwMDAsInJlYWQiOjYwMDAwMDAwMDAwMCwidXBkYXRlIjoxMjAwMDAwMDAwMDAwfX0="
        },
        {
          "index_key": "prod_cloudresourcemanager_googleapis_com",
          "schema_version": 0,
          "attributes": {
            "disable_dependent_services": null,
            "disable_on_destroy": false,
            "id": "wagner-web-vertex-ai/cloudresourcemanager.googleapis.com",
            "project": "wagner-web-vertex-ai",
            "service": "cloudresourcemanager.googleapis.com",
            "timeouts": null
          },
          "sensitive_attributes": [],
          "private": "eyJlMmJmYjczMC1lY2FhLTExZTYtOGY4OC0zNDM2M2JjN2M0YzAiOnsiY3JlYXRlIjoxMjAwMDAwMDAwMDAwLCJkZWxldGUiOjEyMDAwMDAwMDAwMDAsInJlYWQiOjYwMDAwMDAwMDAwMCwidXBkYXRlIjoxMjAwMDAwMDAwMDAwfX0="
        },
        {
          "index_key": "prod_cloudtrace_googleapis_com",
          "schema_version": 0,
          "attributes": {
            "disable_dependent_services": null,
            "disable_on_destroy": false,
            "id": "wagner-web-vertex-ai/cloudtrace.googleapis.com",
            "project": "wagner-web-vertex-ai",
            "service": "cloudtrace.googleapis.com",
            "timeouts": null
          },
          "sensitive_attributes": [],
          "private": "eyJlMmJmYjczMC1lY2FhLTExZTYtOGY4OC0zNDM2M2JjN2M0YzAiOnsiY3JlYXRlIjoxMjAwMDAwMDAwMDAwLCJkZWxldGUiOjEyMDAwMDAwMDAwMDAsInJlYWQiOjYwMDAwMDAwMDAwMCwidXBkYXRlIjoxMjAwMDAwMDAwMDAwfX0="
        },
        {
          "index_key": "prod_discoveryengine_googleapis_com",
          "schema_version": 0,
          "attributes": {
            "disable_dependent_services": null,
            "disable_on_destroy": false,
            "id": "wagner-web-vertex-ai/discoveryengine.googleapis.com",
            "project": "wagner-web-vertex-ai",
            "service": "discoveryengine.googleapis.com",
            "timeouts": null
          },
          "sensitive_attributes": [],
          "private": "eyJlMmJmYjczMC1lY2FhLTExZTYtOGY4OC0zNDM2M2JjN2M0YzAiOnsiY3JlYXRlIjoxMjAwMDAwMDAwMDAwLCJkZWxldGUiOjEyMDAwMDAwMDAwMDAsInJlYWQiOjYwMDAwMDAwMDAwMCwidXBkYXRlIjoxMjAwMDAwMDAwMDAwfX0="
        },
        {
          "index_key": "prod_iam_googleapis_com",
          "schema_version": 0,
          "attributes": {
            "disable_dependent_services": null,
            "disable_on_destroy": false,
            "id": "wagner-web-vertex-ai/iam.googleapis.com",
            "project": "wagner-web-vertex-ai",
            "service": "iam.googleapis.com",
            "timeouts": null
          },
          "sensitive_attributes": [],
          "private": "eyJlMmJmYjczMC1lY2FhLTExZTYtOGY4OC0zNDM2M2JjN2M0YzAiOnsiY3JlYXRlIjoxMjAwMDAwMDAwMDAwLCJkZWxldGUiOjEyMDAwMDAwMDAwMDAsInJlYWQiOjYwMDAwMDAwMDAwMCwidXBkYXRlIjoxMjAwMDAwMDAwMDAwfX0="
        },
        {
          "index_key": "prod_logging_googleapis_com",
          "schema_version": 0,
          "attributes": {
            "disable_dependent_services": null,
            "disable_on_destroy": false,
            "id": "wagner-web-vertex-ai/logging.googleapis.com",
            "project": "wagner-web-vertex-ai",
            "service": "logging.googleapis.com",
            "timeouts": null
          },
          "sensitive_attributes": [],
          "private": "eyJlMmJmYjczMC1lY2FhLTExZTYtOGY4OC0zNDM2M2JjN2M0YzAiOnsiY3JlYXRlIjoxMjAwMDAwMDAwMDAwLCJkZWxldGUiOjEyMDAwMDAwMDAwMDAsInJlYWQiOjYwMDAwMDAwMDAwMCwidXBkYXRlIjoxMjAwMDAwMDAwMDAwfX0="
        },
        {
          "index_key": "prod_run_googleapis_com",
          "schema_version": 0,
          "attributes": {
            "disable_dependent_services": null,
            "disable_on_destroy": false,
            "id": "wagner-web-vertex-ai/run.googleapis.com",
            "project": "wagner-web-vertex-ai",
            "service": "run.googleapis.com",
            "timeouts": null
          },
          "sensitive_attributes": [],
          "private": "eyJlMmJmYjczMC1lY2FhLTExZTYtOGY4OC0zNDM2M2JjN2M0YzAiOnsiY3JlYXRlIjoxMjAwMDAwMDAwMDAwLCJkZWxldGUiOjEyMDAwMDAwMDAwMDAsInJlYWQiOjYwMDAwMDAwMDAwMCwidXBkYXRlIjoxMjAwMDAwMDAwMDAwfX0="
        },
        {
          "index_key": "prod_serviceusage_googleapis_com",
          "schema_version": 0,
          "attributes": {
            "disable_dependent_services": null,
            "disable_on_destroy": false,
            "id": "wagner-web-vertex-ai/serviceusage.googleapis.com",
            "project": "wagner-web-vertex-ai",
            "service": "serviceusage.googleapis.com",
            "timeouts": null
          },
          "sensitive_attributes": [],
          "private": "eyJlMmJmYjczMC1lY2FhLTExZTYtOGY4OC0zNDM2M2JjN2M0YzAiOnsiY3JlYXRlIjoxMjAwMDAwMDAwMDAwLCJkZWxldGUiOjEyMDAwMDAwMDAwMDAsInJlYWQiOjYwMDAwMDAwMDAwMCwidXBkYXRlIjoxMjAwMDAwMDAwMDAwfX0="
        },
        {
          "index_key": "staging_aiplatform_googleapis_com",
          "schema_version": 0,
          "attributes": {
            "disable_dependent_services": null,
            "disable_on_destroy": false,
            "id": "wagnerwebstage/aiplatform.googleapis.com",
            "project": "wagnerwebstage",
            "service": "aiplatform.googleapis.com",
            "timeouts": null
          },
          "sensitive_attributes": [],
          "private": "eyJlMmJmYjczMC1lY2FhLTExZTYtOGY4OC0zNDM2M2JjN2M0YzAiOnsiY3JlYXRlIjoxMjAwMDAwMDAwMDAwLCJkZWxldGUiOjEyMDAwMDAwMDAwMDAsInJlYWQiOjYwMDAwMDAwMDAwMCwidXBkYXRlIjoxMjAwMDAwMDAwMDAwfX0="
        },
        {
          "index_key": "staging_bigquery_googleapis_com",
          "schema_version": 0,
          "attributes": {
            "disable_dependent_services": null,
            "disable_on_destroy": false,
            "id": "wagnerwebstage/bigquery.googleapis.com",
            "project": "wagnerwebstage",
            "service": "bigquery.googleapis.com",
            "timeouts": null
          },
          "sensitive_attributes": [],
          "private": "eyJlMmJmYjczMC1lY2FhLTExZTYtOGY4OC0zNDM2M2JjN2M0YzAiOnsiY3JlYXRlIjoxMjAwMDAwMDAwMDAwLCJkZWxldGUiOjEyMDAwMDAwMDAwMDAsInJlYWQiOjYwMDAwMDAwMDAwMCwidXBkYXRlIjoxMjAwMDAwMDAwMDAwfX0="
        },
        {
          "index_key": "staging_cloudresourcemanager_googleapis_com",
          "schema_version": 0,
          "attributes": {
            "disable_dependent_services": null,
            "disable_on_destroy": false,
            "id": "wagnerwebstage/cloudresourcemanager.googleapis.com",
            "project": "wagnerwebstage",
            "service": "cloudresourcemanager.googleapis.com",
            "timeouts": null
          },
          "sensitive_attributes": [],
          "private": "eyJlMmJmYjczMC1lY2FhLTExZTYtOGY4OC0zNDM2M2JjN2M0YzAiOnsiY3JlYXRlIjoxMjAwMDAwMDAwMDAwLCJkZWxldGUiOjEyMDAwMDAwMDAwMDAsInJlYWQiOjYwMDAwMDAwMDAwMCwidXBkYXRlIjoxMjAwMDAwMDAwMDAwfX0="
        },
        {
          "index_key": "staging_cloudtrace_googleapis_com",
          "schema_version": 0,
          "attributes": {
            "disable_dependent_services": null,
            "disable_on_destroy": false,
            "id": "wagnerwebstage/cloudtrace.googleapis.com",
            "project": "wagnerwebstage",
            "service": "cloudtrace.googleapis.com",
            "timeouts": null
          },
          "sensitive_attributes": [],
          "private": "eyJlMmJmYjczMC1lY2FhLTExZTYtOGY4OC0zNDM2M2JjN2M0YzAiOnsiY3JlYXRlIjoxMjAwMDAwMDAwMDAwLCJkZWxldGUiOjEyMDAwMDAwMDAwMDAsInJlYWQiOjYwMDAwMDAwMDAwMCwidXBkYXRlIjoxMjAwMDAwMDAwMDAwfX0="
        },
        {
          "index_key": "staging_discoveryengine_googleapis_com",
          "schema_version": 0,
          "attributes": {
            "disable_dependent_services": null,
            "disable_on_destroy": false,
            "id": "wagnerwebstage/discoveryengine.googleapis.com",
            "project": "wagnerwebstage",
            "service": "discoveryengine.googleapis.com",
            "timeouts": null
          },
          "sensitive_attributes": [],
          "private": "eyJlMmJmYjczMC1lY2FhLTExZTYtOGY4OC0zNDM2M2JjN2M0YzAiOnsiY3JlYXRlIjoxMjAwMDAwMDAwMDAwLCJkZWxldGUiOjEyMDAwMDAwMDAwMDAsInJlYWQiOjYwMDAwMDAwMDAwMCwidXBkYXRlIjoxMjAwMDAwMDAwMDAwfX0="
        },
        {
          "index_key": "staging_iam_googleapis_com",
          "schema_version": 0,
          "attributes": {
            "disable_dependent_services": null,
            "disable_on_destroy": false,
            "id": "wagnerwebstage/iam.googleapis.com",
            "project": "wagnerwebstage",
            "service": "iam.googleapis.com",
            "timeouts": null
          },
          "sensitive_attributes": [],
          "private": "eyJlMmJmYjczMC1lY2FhLTExZTYtOGY4OC0zNDM2M2JjN2M0YzAiOnsiY3JlYXRlIjoxMjAwMDAwMDAwMDAwLCJkZWxldGUiOjEyMDAwMDAwMDAwMDAsInJlYWQiOjYwMDAwMDAwMDAwMCwidXBkYXRlIjoxMjAwMDAwMDAwMDAwfX0="
        },
        {
          "index_key": "staging_logging_googleapis_com",
          "schema_version": 0,
          "attributes": {
            "disable_dependent_services": null,
            "disable_on_destroy": false,
            "id": "wagnerwebstage/logging.googleapis.com",
            "project": "wagnerwebstage",
            "service": "logging.googleapis.com",
            "timeouts": null
          },
          "sensitive_attributes": [],
          "private": "eyJlMmJmYjczMC1lY2FhLTExZTYtOGY4OC0zNDM2M2JjN2M0YzAiOnsiY3JlYXRlIjoxMjAwMDAwMDAwMDAwLCJkZWxldGUiOjEyMDAwMDAwMDAwMDAsInJlYWQiOjYwMDAwMDAwMDAwMCwidXBkYXRlIjoxMjAwMDAwMDAwMDAwfX0="
        },
        {
          "index_key": "staging_run_googleapis_com",
          "schema_version": 0,
          "attributes": {
            "disable_dependent_services": null,
            "disable_on_destroy": false,
            "id": "wagnerwebstage/run.googleapis.com",
            "project": "wagnerwebstage",
            "service": "run.googleapis.com",
            "timeouts": null
          },
          "sensitive_attributes": [],
          "private": "eyJlMmJmYjczMC1lY2FhLTExZTYtOGY4OC0zNDM2M2JjN2M0YzAiOnsiY3JlYXRlIjoxMjAwMDAwMDAwMDAwLCJkZWxldGUiOjEyMDAwMDAwMDAwMDAsInJlYWQiOjYwMDAwMDAwMDAwMCwidXBkYXRlIjoxMjAwMDAwMDAwMDAwfX0="
        },
        {
          "index_key": "staging_serviceusage_googleapis_com",
          "schema_version": 0,
          "attributes": {
            "disable_dependent_services": null,
            "disable_on_destroy": false,
            "id": "wagnerwebstage/serviceusage.googleapis.com",
            "project": "wagnerwebstage",
            "service": "serviceusage.googleapis.com",
            "timeouts": null
          },
          "sensitive_attributes": [],
          "private": "eyJlMmJmYjczMC1lY2FhLTExZTYtOGY4OC0zNDM2M2JjN2M0YzAiOnsiY3JlYXRlIjoxMjAwMDAwMDAwMDAwLCJkZWxldGUiOjEyMDAwMDAwMDAwMDAsInJlYWQiOjYwMDAwMDAwMDAwMCwidXBkYXRlIjoxMjAwMDAwMDAwMDAwfX0="
        }
      ]
    },
    {
      "mode": "managed",
      "type": "google_service_account",
      "name": "cicd_runner_sa",
      "provider": "provider[\"registry.terraform.io/hashicorp/google\"]",
      "instances": [
        {
          "schema_version": 0,
          "attributes": {
            "account_id": "cicd-runner",
            "create_ignore_already_exists": null,
            "description": "",
            "disabled": false,
            "display_name": "CICD Runner SA",
            "email": "cicd-runner@wagnerwebpipeline.iam.gserviceaccount.com",
            "id": "projects/wagnerwebpipeline/serviceAccounts/cicd-runner@wagnerwebpipeline.iam.gserviceaccount.com",
            "member": "serviceAccount:cicd-runner@wagnerwebpipeline.iam.gserviceaccount.com",
            "name": "projects/wagnerwebpipeline/serviceAccounts/cicd-runner@wagnerwebpipeline.iam.gserviceaccount.com",
            "project": "wagnerwebpipeline",
            "timeouts": null,
            "unique_id": "109202691128438832006"
          },
          "sensitive_attributes": [],
          "private": "eyJlMmJmYjczMC1lY2FhLTExZTYtOGY4OC0zNDM2M2JjN2M0YzAiOnsiY3JlYXRlIjozMDAwMDAwMDAwMDB9fQ==",
          "dependencies": [
            "google_project_service.cicd_services",
            "google_project_service.shared_services"
          ]
        }
      ]
    },
    {
      "mode": "managed",
      "type": "google_service_account",
      "name": "cloud_run_app_sa",
      "provider": "provider[\"registry.terraform.io/hashicorp/google\"]",
      "instances": [
        {
          "index_key": "prod",
          "schema_version": 0,
          "attributes": {
            "account_id": "genai-app-sample-cr-sa",
            "create_ignore_already_exists": null,
            "description": "",
            "disabled": false,
            "display_name": "Cloud Run Generative AI app SA",
            "email": "genai-app-sample-cr-sa@wagner-web-vertex-ai.iam.gserviceaccount.com",
            "id": "projects/wagner-web-vertex-ai/serviceAccounts/genai-app-sample-cr-sa@wagner-web-vertex-ai.iam.gserviceaccount.com",
            "member": "serviceAccount:genai-app-sample-cr-sa@wagner-web-vertex-ai.iam.gserviceaccount.com",
            "name": "projects/wagner-web-vertex-ai/serviceAccounts/genai-app-sample-cr-sa@wagner-web-vertex-ai.iam.gserviceaccount.com",
            "project": "wagner-web-vertex-ai",
            "timeouts": null,
            "unique_id": "103934603868048631617"
          },
          "sensitive_attributes": [],
          "private": "eyJlMmJmYjczMC1lY2FhLTExZTYtOGY4OC0zNDM2M2JjN2M0YzAiOnsiY3JlYXRlIjozMDAwMDAwMDAwMDB9fQ==",
          "dependencies": [
            "google_project_service.cicd_services",
            "google_project_service.shared_services"
          ]
        },
        {
          "index_key": "staging",
          "schema_version": 0,
          "attributes": {
            "account_id": "genai-app-sample-cr-sa",
            "create_ignore_already_exists": null,
            "description": "",
            "disabled": false,
            "display_name": "Cloud Run Generative AI app SA",
            "email": "genai-app-sample-cr-sa@wagnerwebstage.iam.gserviceaccount.com",
            "id": "projects/wagnerwebstage/serviceAccounts/genai-app-sample-cr-sa@wagnerwebstage.iam.gserviceaccount.com",
            "member": "serviceAccount:genai-app-sample-cr-sa@wagnerwebstage.iam.gserviceaccount.com",
            "name": "projects/wagnerwebstage/serviceAccounts/genai-app-sample-cr-sa@wagnerwebstage.iam.gserviceaccount.com",
            "project": "wagnerwebstage",
            "timeouts": null,
            "unique_id": "118106508836146609194"
          },
          "sensitive_attributes": [],
          "private": "eyJlMmJmYjczMC1lY2FhLTExZTYtOGY4OC0zNDM2M2JjN2M0YzAiOnsiY3JlYXRlIjozMDAwMDAwMDAwMDB9fQ==",
          "dependencies": [
            "google_project_service.cicd_services",
            "google_project_service.shared_services"
          ]
        }
      ]
    },
    {
      "mode": "managed",
      "type": "google_service_account_iam_member",
      "name": "cicd_run_invoker_account_user",
      "provider": "provider[\"registry.terraform.io/hashicorp/google\"]",
      "instances": [
        {
          "schema_version": 0,
          "attributes": {
            "condition": [],
            "etag": "BwYtPvG66TY=",
            "id": "projects/wagnerwebpipeline/serviceAccounts/cicd-runner@wagnerwebpipeline.iam.gserviceaccount.com/roles/iam.serviceAccountUser/serviceAccount:cicd-runner@wagnerwebpipeline.iam.gserviceaccount.com",
            "member": "serviceAccount:cicd-runner@wagnerwebpipeline.iam.gserviceaccount.com",
            "role": "roles/iam.serviceAccountUser",
            "service_account_id": "projects/wagnerwebpipeline/serviceAccounts/cicd-runner@wagnerwebpipeline.iam.gserviceaccount.com"
          },
          "sensitive_attributes": [],
          "private": "bnVsbA==",
          "dependencies": [
            "google_project_service.cicd_services",
            "google_project_service.shared_services",
            "google_service_account.cicd_runner_sa"
          ]
        }
      ]
    },
    {
      "mode": "managed",
      "type": "google_service_account_iam_member",
      "name": "cicd_run_invoker_token_creator",
      "provider": "provider[\"registry.terraform.io/hashicorp/google\"]",
      "instances": [
        {
          "schema_version": 0,
          "attributes": {
            "condition": [],
            "etag": "BwYtPvG66TY=",
            "id": "projects/wagnerwebpipeline/serviceAccounts/cicd-runner@wagnerwebpipeline.iam.gserviceaccount.com/roles/iam.serviceAccountTokenCreator/serviceAccount:cicd-runner@wagnerwebpipeline.iam.gserviceaccount.com",
            "member": "serviceAccount:cicd-runner@wagnerwebpipeline.iam.gserviceaccount.com",
            "role": "roles/iam.serviceAccountTokenCreator",
            "service_account_id": "projects/wagnerwebpipeline/serviceAccounts/cicd-runner@wagnerwebpipeline.iam.gserviceaccount.com"
          },
          "sensitive_attributes": [],
          "private": "bnVsbA==",
          "dependencies": [
            "google_project_service.cicd_services",
            "google_project_service.shared_services",
            "google_service_account.cicd_runner_sa"
          ]
        }
      ]
    },
    {
      "mode": "managed",
      "type": "google_storage_bucket",
      "name": "bucket_load_test_results",
      "provider": "provider[\"registry.terraform.io/hashicorp/google\"]",
      "instances": [
        {
          "schema_version": 3,
          "attributes": {
            "autoclass": [],
            "cors": [],
            "custom_placement_config": [],
            "default_event_based_hold": false,
            "effective_labels": {
              "goog-terraform-provisioned": "true"
            },
            "enable_object_retention": false,
            "encryption": [],
            "force_destroy": true,
            "hierarchical_namespace": [
              {
                "enabled": false
              }
            ],
            "id": "wagnerwebpipeline-cicd-load-test-results",
            "labels": null,
            "lifecycle_rule": [],
            "location": "US-CENTRAL1",
            "logging": [],
            "name": "wagnerwebpipeline-cicd-load-test-results",
            "project": "wagnerwebpipeline",
            "project_number": 166130663776,
            "public_access_prevention": "inherited",
            "requester_pays": false,
            "retention_policy": [],
            "rpo": null,
            "self_link": "https://www.googleapis.com/storage/v1/b/wagnerwebpipeline-cicd-load-test-results",
            "soft_delete_policy": [
              {
                "effective_time": "2025-02-03T15:56:51.144Z",
                "retention_duration_seconds": 604800
              }
            ],
            "storage_class": "STANDARD",
            "terraform_labels": {
              "goog-terraform-provisioned": "true"
            },
            "timeouts": null,
            "uniform_bucket_level_access": true,
            "url": "gs://wagnerwebpipeline-cicd-load-test-results",
            "versioning": [],
            "website": []
          },
          "sensitive_attributes": [],
          "private": "eyJlMmJmYjczMC1lY2FhLTExZTYtOGY4OC0zNDM2M2JjN2M0YzAiOnsiY3JlYXRlIjo2MDAwMDAwMDAwMDAsInJlYWQiOjI0MDAwMDAwMDAwMCwidXBkYXRlIjoyNDAwMDAwMDAwMDB9LCJzY2hlbWFfdmVyc2lvbiI6IjMifQ==",
          "dependencies": [
            "google_project_service.cicd_services",
            "google_project_service.shared_services"
          ]
        }
      ]
    },
    {
      "mode": "managed",
      "type": "google_storage_bucket",
      "name": "logs_data_bucket",
      "provider": "provider[\"registry.terraform.io/hashicorp/google\"]",
      "instances": [
        {
          "index_key": "wagner-web-vertex-ai",
          "schema_version": 3,
          "attributes": {
            "autoclass": [],
            "cors": [],
            "custom_placement_config": [],
            "default_event_based_hold": false,
            "effective_labels": {
              "goog-terraform-provisioned": "true"
            },
            "enable_object_retention": false,
            "encryption": [],
            "force_destroy": true,
            "hierarchical_namespace": [
              {
                "enabled": false
              }
            ],
            "id": "wagner-web-vertex-ai-logs-data",
            "labels": null,
            "lifecycle_rule": [],
            "location": "US-CENTRAL1",
            "logging": [],
            "name": "wagner-web-vertex-ai-logs-data",
            "project": "wagner-web-vertex-ai",
            "project_number": 481387336762,
            "public_access_prevention": "inherited",
            "requester_pays": false,
            "retention_policy": [],
            "rpo": null,
            "self_link": "https://www.googleapis.com/storage/v1/b/wagner-web-vertex-ai-logs-data",
            "soft_delete_policy": [
              {
                "effective_time": "2025-02-03T15:56:50.949Z",
                "retention_duration_seconds": 604800
              }
            ],
            "storage_class": "STANDARD",
            "terraform_labels": {
              "goog-terraform-provisioned": "true"
            },
            "timeouts": null,
            "uniform_bucket_level_access": true,
            "url": "gs://wagner-web-vertex-ai-logs-data",
            "versioning": [],
            "website": []
          },
          "sensitive_attributes": [],
          "private": "eyJlMmJmYjczMC1lY2FhLTExZTYtOGY4OC0zNDM2M2JjN2M0YzAiOnsiY3JlYXRlIjo2MDAwMDAwMDAwMDAsInJlYWQiOjI0MDAwMDAwMDAwMCwidXBkYXRlIjoyNDAwMDAwMDAwMDB9LCJzY2hlbWFfdmVyc2lvbiI6IjMifQ==",
          "dependencies": [
            "google_project_service.cicd_services",
            "google_project_service.shared_services"
          ]
        },
        {
          "index_key": "wagnerwebpipeline",
          "schema_version": 3,
          "attributes": {
            "autoclass": [],
            "cors": [],
            "custom_placement_config": [],
            "default_event_based_hold": false,
            "effective_labels": {
              "goog-terraform-provisioned": "true"
            },
            "enable_object_retention": false,
            "encryption": [],
            "force_destroy": true,
            "hierarchical_namespace": [
              {
                "enabled": false
              }
            ],
            "id": "wagnerwebpipeline-logs-data",
            "labels": null,
            "lifecycle_rule": [],
            "location": "US-CENTRAL1",
            "logging": [],
            "name": "wagnerwebpipeline-logs-data",
            "project": "wagnerwebpipeline",
            "project_number": 166130663776,
            "public_access_prevention": "inherited",
            "requester_pays": false,
            "retention_policy": [],
            "rpo": null,
            "self_link": "https://www.googleapis.com/storage/v1/b/wagnerwebpipeline-logs-data",
            "soft_delete_policy": [
              {
                "effective_time": "2025-02-03T15:56:51.010Z",
                "retention_duration_seconds": 604800
              }
            ],
            "storage_class": "STANDARD",
            "terraform_labels": {
              "goog-terraform-provisioned": "true"
            },
            "timeouts": null,
            "uniform_bucket_level_access": true,
            "url": "gs://wagnerwebpipeline-logs-data",
            "versioning": [],
            "website": []
          },
          "sensitive_attributes": [],
          "private": "eyJlMmJmYjczMC1lY2FhLTExZTYtOGY4OC0zNDM2M2JjN2M0YzAiOnsiY3JlYXRlIjo2MDAwMDAwMDAwMDAsInJlYWQiOjI0MDAwMDAwMDAwMCwidXBkYXRlIjoyNDAwMDAwMDAwMDB9LCJzY2hlbWFfdmVyc2lvbiI6IjMifQ==",
          "dependencies": [
            "google_project_service.cicd_services",
            "google_project_service.shared_services"
          ]
        },
        {
          "index_key": "wagnerwebstage",
          "schema_version": 3,
          "attributes": {
            "autoclass": [],
            "cors": [],
            "custom_placement_config": [],
            "default_event_based_hold": false,
            "effective_labels": {
              "goog-terraform-provisioned": "true"
            },
            "enable_object_retention": false,
            "encryption": [],
            "force_destroy": true,
            "hierarchical_namespace": [
              {
                "enabled": false
              }
            ],
            "id": "wagnerwebstage-logs-data",
            "labels": null,
            "lifecycle_rule": [],
            "location": "US-CENTRAL1",
            "logging": [],
            "name": "wagnerwebstage-logs-data",
            "project": "wagnerwebstage",
            "project_number": 221493293323,
            "public_access_prevention": "inherited",
            "requester_pays": false,
            "retention_policy": [],
            "rpo": null,
            "self_link": "https://www.googleapis.com/storage/v1/b/wagnerwebstage-logs-data",
            "soft_delete_policy": [
              {
                "effective_time": "2025-02-03T15:56:50.872Z",
                "retention_duration_seconds": 604800
              }
            ],
            "storage_class": "STANDARD",
            "terraform_labels": {
              "goog-terraform-provisioned": "true"
            },
            "timeouts": null,
            "uniform_bucket_level_access": true,
            "url": "gs://wagnerwebstage-logs-data",
            "versioning": [],
            "website": []
          },
          "sensitive_attributes": [],
          "private": "eyJlMmJmYjczMC1lY2FhLTExZTYtOGY4OC0zNDM2M2JjN2M0YzAiOnsiY3JlYXRlIjo2MDAwMDAwMDAwMDAsInJlYWQiOjI0MDAwMDAwMDAwMCwidXBkYXRlIjoyNDAwMDAwMDAwMDB9LCJzY2hlbWFfdmVyc2lvbiI6IjMifQ==",
          "dependencies": [
            "google_project_service.cicd_services",
            "google_project_service.shared_services"
          ]
        }
      ]
    },
    {
      "module": "module.feedback_export_to_bigquery[\"prod\"]",
      "mode": "managed",
      "type": "google_logging_project_sink",
      "name": "sink",
      "provider": "provider[\"registry.terraform.io/hashicorp/google\"]",
      "instances": [
        {
          "index_key": 0,
          "schema_version": 0,
          "attributes": {
            "bigquery_options": [
              {
                "use_partitioned_tables": true
              }
            ],
            "custom_writer_identity": null,
            "description": "",
            "destination": "bigquery.googleapis.com/projects/wagner-web-vertex-ai/datasets/feedback_genai_app_sample_sink",
            "disabled": false,
            "exclusions": [],
            "filter": "jsonPayload.log_type=\"feedback\"",
            "id": "projects/wagner-web-vertex-ai/sinks/feedback_logs_genai_app_sample",
            "name": "feedback_logs_genai_app_sample",
            "project": "wagner-web-vertex-ai",
            "unique_writer_identity": true,
            "writer_identity": "serviceAccount:service-481387336762@gcp-sa-logging.iam.gserviceaccount.com"
          },
          "sensitive_attributes": [],
          "private": "bnVsbA==",
          "dependencies": [
            "google_bigquery_dataset.feedback_dataset",
            "google_project_service.cicd_services",
            "google_project_service.shared_services"
          ]
        }
      ]
    },
    {
      "module": "module.feedback_export_to_bigquery[\"staging\"]",
      "mode": "managed",
      "type": "google_logging_project_sink",
      "name": "sink",
      "provider": "provider[\"registry.terraform.io/hashicorp/google\"]",
      "instances": [
        {
          "index_key": 0,
          "schema_version": 0,
          "attributes": {
            "bigquery_options": [
              {
                "use_partitioned_tables": true
              }
            ],
            "custom_writer_identity": null,
            "description": "",
            "destination": "bigquery.googleapis.com/projects/wagnerwebstage/datasets/feedback_genai_app_sample_sink",
            "disabled": false,
            "exclusions": [],
            "filter": "jsonPayload.log_type=\"feedback\"",
            "id": "projects/wagnerwebstage/sinks/feedback_logs_genai_app_sample",
            "name": "feedback_logs_genai_app_sample",
            "project": "wagnerwebstage",
            "unique_writer_identity": true,
            "writer_identity": "serviceAccount:service-221493293323@gcp-sa-logging.iam.gserviceaccount.com"
          },
          "sensitive_attributes": [],
          "private": "bnVsbA==",
          "dependencies": [
            "google_bigquery_dataset.feedback_dataset",
            "google_project_service.cicd_services",
            "google_project_service.shared_services"
          ]
        }
      ]
    },
    {
      "module": "module.log_export_to_bigquery[\"prod\"]",
      "mode": "managed",
      "type": "google_logging_project_sink",
      "name": "sink",
      "provider": "provider[\"registry.terraform.io/hashicorp/google\"]",
      "instances": [
        {
          "index_key": 0,
          "schema_version": 0,
          "attributes": {
            "bigquery_options": [
              {
                "use_partitioned_tables": true
              }
            ],
            "custom_writer_identity": null,
            "description": "",
            "destination": "bigquery.googleapis.com/projects/wagner-web-vertex-ai/datasets/telemetry_genai_app_sample_sink",
            "disabled": false,
            "exclusions": [],
            "filter": "jsonPayload.attributes.\"traceloop.association.properties.log_type\"=\"tracing\" jsonPayload.resource.attributes.\"service.name\"=\"Sample Chatbot Application\"",
            "id": "projects/wagner-web-vertex-ai/sinks/telemetry_logs_genai_app_sample",
            "name": "telemetry_logs_genai_app_sample",
            "project": "wagner-web-vertex-ai",
            "unique_writer_identity": true,
            "writer_identity": "serviceAccount:service-481387336762@gcp-sa-logging.iam.gserviceaccount.com"
          },
          "sensitive_attributes": [],
          "private": "bnVsbA==",
          "dependencies": [
            "google_project_service.cicd_services",
            "google_project_service.shared_services"
          ]
        }
      ]
    },
    {
      "module": "module.log_export_to_bigquery[\"staging\"]",
      "mode": "managed",
      "type": "google_logging_project_sink",
      "name": "sink",
      "provider": "provider[\"registry.terraform.io/hashicorp/google\"]",
      "instances": [
        {
          "index_key": 0,
          "schema_version": 0,
          "attributes": {
            "bigquery_options": [
              {
                "use_partitioned_tables": true
              }
            ],
            "custom_writer_identity": null,
            "description": "",
            "destination": "bigquery.googleapis.com/projects/wagnerwebstage/datasets/telemetry_genai_app_sample_sink",
            "disabled": false,
            "exclusions": [],
            "filter": "jsonPayload.attributes.\"traceloop.association.properties.log_type\"=\"tracing\" jsonPayload.resource.attributes.\"service.name\"=\"Sample Chatbot Application\"",
            "id": "projects/wagnerwebstage/sinks/telemetry_logs_genai_app_sample",
            "name": "telemetry_logs_genai_app_sample",
            "project": "wagnerwebstage",
            "unique_writer_identity": true,
            "writer_identity": "serviceAccount:service-221493293323@gcp-sa-logging.iam.gserviceaccount.com"
          },
          "sensitive_attributes": [],
          "private": "bnVsbA==",
          "dependencies": [
            "google_project_service.cicd_services",
            "google_project_service.shared_services"
          ]
        }
      ]
    }
  ],
  "check_results": null
}
